
Microsoft Visual Studio Solution File, Format Version 12.00
# Visual Studio Version 16
VisualStudioVersion = 16.0.29609.76
MinimumVisualStudioVersion = 10.0.40219.1
Project("{FAE04EC0-301F-11D3-BF4B-00C04F79EFBC}") = "OOPIntroCsharp", "OOPIntroCsharp\OOPIntroCsharp.csproj", "{F81E95FB-7B4F-4D07-8A7C-1E19030EE7D4}"
EndProject
Global
	GlobalSection(SolutionConfigurationPlatforms) = preSolution
		Debug|Any CPU = Debug|Any CPU
		Release|Any CPU = Release|Any CPU
	EndGlobalSection
	GlobalSection(ProjectConfigurationPlatforms) = postSolution
		{F81E95FB-7B4F-4D07-8A7C-1E19030EE7D4}.Debug|Any CPU.ActiveCfg = Debug|Any CPU
		{F81E95FB-7B4F-4D07-8A7C-1E19030EE7D4}.Debug|Any CPU.Build.0 = Debug|Any CPU
		{F81E95FB-7B4F-4D07-8A7C-1E19030EE7D4}.Release|Any CPU.ActiveCfg = Release|Any CPU
		{F81E95FB-7B4F-4D07-8A7C-1E19030EE7D4}.Release|Any CPU.Build.0 = Release|Any CPU
	EndGlobalSection
	GlobalSection(SolutionProperties) = preSolution
		HideSolutionNode = FALSE
	EndGlobalSection
	GlobalSection(ExtensibilityGlobals) = postSolution
		SolutionGuid = {A01CDF35-4671-41C8-8B92-BC5D30F79715}
	EndGlobalSection
EndGlobal
